
Microsoft Visual Studio Solution File, Format Version 12.00
# Visual Studio 15
VisualStudioVersion = 15.0.28307.168
MinimumVisualStudioVersion = 10.0.40219.1
Project("{FAE04EC0-301F-11D3-BF4B-00C04F79EFBC}") = "TaskManager", "TaskManager\TaskManager.csproj", "{1FA3DC5F-8CE6-4059-B3B9-3FB7ACD5A9BB}"
EndProject
Global
	GlobalSection(SolutionConfigurationPlatforms) = preSolution
		Debug|Any CPU = Debug|Any CPU
		Release|Any CPU = Release|Any CPU
	EndGlobalSection
	GlobalSection(ProjectConfigurationPlatforms) = postSolution
		{1FA3DC5F-8CE6-4059-B3B9-3FB7ACD5A9BB}.Debug|Any CPU.ActiveCfg = Debug|Any CPU
		{1FA3DC5F-8CE6-4059-B3B9-3FB7ACD5A9BB}.Debug|Any CPU.Build.0 = Debug|Any CPU
		{1FA3DC5F-8CE6-4059-B3B9-3FB7ACD5A9BB}.Release|Any CPU.ActiveCfg = Release|Any CPU
		{1FA3DC5F-8CE6-4059-B3B9-3FB7ACD5A9BB}.Release|Any CPU.Build.0 = Release|Any CPU
	EndGlobalSection
	GlobalSection(SolutionProperties) = preSolution
		HideSolutionNode = FALSE
	EndGlobalSection
	GlobalSection(ExtensibilityGlobals) = postSolution
		SolutionGuid = {6D1D811F-9383-4F0D-812E-5E40A0361303}
	EndGlobalSection
EndGlobal
